
Microsoft Visual Studio Solution File, Format Version 12.00
# Visual Studio 14
VisualStudioVersion = 14.0.25420.1
MinimumVisualStudioVersion = 10.0.40219.1
Project("{FAE04EC0-301F-11D3-BF4B-00C04F79EFBC}") = "LightweightUpdateServer", "LightweightUpdateServer.csproj", "{23380ED1-543F-41D6-A40C-14408A35D013}"
EndProject
Global
	GlobalSection(SolutionConfigurationPlatforms) = preSolution
		Debug|x86 = Debug|x86
		Release|x86 = Release|x86
	EndGlobalSection
	GlobalSection(ProjectConfigurationPlatforms) = postSolution
		{23380ED1-543F-41D6-A40C-14408A35D013}.Debug|x86.ActiveCfg = Debug|x86
		{23380ED1-543F-41D6-A40C-14408A35D013}.Debug|x86.Build.0 = Debug|x86
		{23380ED1-543F-41D6-A40C-14408A35D013}.Release|x86.ActiveCfg = Release|x86
		{23380ED1-543F-41D6-A40C-14408A35D013}.Release|x86.Build.0 = Release|x86
	EndGlobalSection
	GlobalSection(SolutionProperties) = preSolution
		HideSolutionNode = FALSE
	EndGlobalSection
EndGlobal
